// !$*UTF8*$!
{
	archiveVersion = 1;
	classes = {
	};
	objectVersion = 56;
	objects = {

/* Begin PBXBuildFile section */
		498D45C92A83634C001598E5 /* ImageClassifierModel.mlmodel in Sources */ = {isa = PBXBuildFile; fileRef = 498D45C82A83634C001598E5 /* ImageClassifierModel.mlmodel */; };
		49CEE79E2A83E3FF004ED534 /* UIImageExtension.swift in Sources */ = {isa = PBXBuildFile; fileRef = 49CEE79D2A83E3FF004ED534 /* UIImageExtension.swift */; };
		49CEE7A42A855991004ED534 /* LoadingView.swift in Sources */ = {isa = PBXBuildFile; fileRef = 49CEE7A32A855991004ED534 /* LoadingView.swift */; };
		49CEE7A62A8563D4004ED534 /* ImageView.swift in Sources */ = {isa = PBXBuildFile; fileRef = 49CEE7A52A8563D4004ED534 /* ImageView.swift */; };
		49CEE7A82A861BF9004ED534 /* ResultView.swift in Sources */ = {isa = PBXBuildFile; fileRef = 49CEE7A72A861BF9004ED534 /* ResultView.swift */; };
		49E6A5CE2A7857B300EB2E99 /* PlantPalApp.swift in Sources */ = {isa = PBXBuildFile; fileRef = 49E6A5CD2A7857B300EB2E99 /* PlantPalApp.swift */; };
		49E6A5D02A7857B300EB2E99 /* ContentView.swift in Sources */ = {isa = PBXBuildFile; fileRef = 49E6A5CF2A7857B300EB2E99 /* ContentView.swift */; };
		49E6A5D22A7857B400EB2E99 /* Assets.xcassets in Resources */ = {isa = PBXBuildFile; fileRef = 49E6A5D12A7857B400EB2E99 /* Assets.xcassets */; };
		49E6A5D52A7857B400EB2E99 /* Preview Assets.xcassets in Resources */ = {isa = PBXBuildFile; fileRef = 49E6A5D42A7857B400EB2E99 /* Preview Assets.xcassets */; };
		49FB1E772A7ABF7500F24485 /* ImagePicker.swift in Sources */ = {isa = PBXBuildFile; fileRef = 49FB1E762A7ABF7500F24485 /* ImagePicker.swift */; };
/* End PBXBuildFile section */

/* Begin PBXFileReference section */
		498D45C82A83634C001598E5 /* ImageClassifierModel.mlmodel */ = {isa = PBXFileReference; lastKnownFileType = file.mlmodel; path = ImageClassifierModel.mlmodel; sourceTree = "<group>"; };
		49CEE79D2A83E3FF004ED534 /* UIImageExtension.swift */ = {isa = PBXFileReference; lastKnownFileType = sourcecode.swift; path = UIImageExtension.swift; sourceTree = "<group>"; };
		49CEE7A32A855991004ED534 /* LoadingView.swift */ = {isa = PBXFileReference; lastKnownFileType = sourcecode.swift; path = LoadingView.swift; sourceTree = "<group>"; };
		49CEE7A52A8563D4004ED534 /* ImageView.swift */ = {isa = PBXFileReference; lastKnownFileType = sourcecode.swift; path = ImageView.swift; sourceTree = "<group>"; };
		49CEE7A72A861BF9004ED534 /* ResultView.swift */ = {isa = PBXFileReference; lastKnownFileType = sourcecode.swift; path = ResultView.swift; sourceTree = "<group>"; };
		49E6A5CA2A7857B300EB2E99 /* PlantPal.app */ = {isa = PBXFileReference; explicitFileType = wrapper.application; includeInIndex = 0; path = PlantPal.app; sourceTree = BUILT_PRODUCTS_DIR; };
		49E6A5CD2A7857B300EB2E99 /* PlantPalApp.swift */ = {isa = PBXFileReference; lastKnownFileType = sourcecode.swift; path = PlantPalApp.swift; sourceTree = "<group>"; };
		49E6A5CF2A7857B300EB2E99 /* ContentView.swift */ = {isa = PBXFileReference; lastKnownFileType = sourcecode.swift; path = ContentView.swift; sourceTree = "<group>"; };
		49E6A5D12A7857B400EB2E99 /* Assets.xcassets */ = {isa = PBXFileReference; lastKnownFileType = folder.assetcatalog; path = Assets.xcassets; sourceTree = "<group>"; };
		49E6A5D42A7857B400EB2E99 /* Preview Assets.xcassets */ = {isa = PBXFileReference; lastKnownFileType = folder.assetcatalog; path = "Preview Assets.xcassets"; sourceTree = "<group>"; };
		49FB1E762A7ABF7500F24485 /* ImagePicker.swift */ = {isa = PBXFileReference; lastKnownFileType = sourcecode.swift; path = ImagePicker.swift; sourceTree = "<group>"; };
/* End PBXFileReference section */

/* Begin PBXFrameworksBuildPhase section */
		49E6A5C72A7857B300EB2E99 /* Frameworks */ = {
			isa = PBXFrameworksBuildPhase;
			buildActionMask = 2147483647;
			files = (
			);
			runOnlyForDeploymentPostprocessing = 0;
		};
/* End PBXFrameworksBuildPhase section */

/* Begin PBXGroup section */
		49E6A5C12A7857B300EB2E99 = {
			isa = PBXGroup;
			children = (
				49E6A5CC2A7857B300EB2E99 /* PlantPal */,
				49E6A5CB2A7857B300EB2E99 /* Products */,
			);
			sourceTree = "<group>";
		};
		49E6A5CB2A7857B300EB2E99 /* Products */ = {
			isa = PBXGroup;
			children = (
				49E6A5CA2A7857B300EB2E99 /* PlantPal.app */,
			);
			name = Products;
			sourceTree = "<group>";
		};
		49E6A5CC2A7857B300EB2E99 /* PlantPal */ = {
			isa = PBXGroup;
			children = (
				498D45C82A83634C001598E5 /* ImageClassifierModel.mlmodel */,
				49E6A5CD2A7857B300EB2E99 /* PlantPalApp.swift */,
				49E6A5CF2A7857B300EB2E99 /* ContentView.swift */,
				49CEE7A72A861BF9004ED534 /* ResultView.swift */,
				49CEE7A52A8563D4004ED534 /* ImageView.swift */,
				49CEE7A32A855991004ED534 /* LoadingView.swift */,
				49CEE79D2A83E3FF004ED534 /* UIImageExtension.swift */,
				49FB1E762A7ABF7500F24485 /* ImagePicker.swift */,
				49E6A5D12A7857B400EB2E99 /* Assets.xcassets */,
				49E6A5D32A7857B400EB2E99 /* Preview Content */,
			);
			path = PlantPal;
			sourceTree = "<group>";
		};
		49E6A5D32A7857B400EB2E99 /* Preview Content */ = {
			isa = PBXGroup;
			children = (
				49E6A5D42A7857B400EB2E99 /* Preview Assets.xcassets */,
			);
			path = "Preview Content";
			sourceTree = "<group>";
		};
/* End PBXGroup section */

/* Begin PBXNativeTarget section */
		49E6A5C92A7857B300EB2E99 /* PlantPal */ = {
			isa = PBXNativeTarget;
			buildConfigurationList = 49E6A5D82A7857B400EB2E99 /* Build configuration list for PBXNativeTarget "PlantPal" */;
			buildPhases = (
				49E6A5C62A7857B300EB2E99 /* Sources */,
				49E6A5C72A7857B300EB2E99 /* Frameworks */,
				49E6A5C82A7857B300EB2E99 /* Resources */,
			);
			buildRules = (
			);
			dependencies = (
			);
			name = PlantPal;
			productName = PlantPal;
			productReference = 49E6A5CA2A7857B300EB2E99 /* PlantPal.app */;
			productType = "com.apple.product-type.application";
		};
/* End PBXNativeTarget section */

/* Begin PBXProject section */
		49E6A5C22A7857B300EB2E99 /* Project object */ = {
			isa = PBXProject;
			attributes = {
				BuildIndependentTargetsInParallel = 1;
				LastSwiftUpdateCheck = 1500;
				LastUpgradeCheck = 1500;
				TargetAttributes = {
					49E6A5C92A7857B300EB2E99 = {
						CreatedOnToolsVersion = 15.0;
					};
				};
			};
			buildConfigurationList = 49E6A5C52A7857B300EB2E99 /* Build configuration list for PBXProject "PlantPal" */;
			compatibilityVersion = "Xcode 14.0";
			developmentRegion = en;
			hasScannedForEncodings = 0;
			knownRegions = (
				en,
				Base,
			);
			mainGroup = 49E6A5C12A7857B300EB2E99;
			productRefGroup = 49E6A5CB2A7857B300EB2E99 /* Products */;
			projectDirPath = "";
			projectRoot = "";
			targets = (
				49E6A5C92A7857B300EB2E99 /* PlantPal */,
			);
		};
/* End PBXProject section */

/* Begin PBXResourcesBuildPhase section */
		49E6A5C82A7857B300EB2E99 /* Resources */ = {
			isa = PBXResourcesBuildPhase;
			buildActionMask = 2147483647;
			files = (
				49E6A5D52A7857B400EB2E99 /* Preview Assets.xcassets in Resources */,
				49E6A5D22A7857B400EB2E99 /* Assets.xcassets in Resources */,
			);
			runOnlyForDeploymentPostprocessing = 0;
		};
/* End PBXResourcesBuildPhase section */

/* Begin PBXSourcesBuildPhase section */
		49E6A5C62A7857B300EB2E99 /* Sources */ = {
			isa = PBXSourcesBuildPhase;
			buildActionMask = 2147483647;
			files = (
				49FB1E772A7ABF7500F24485 /* ImagePicker.swift in Sources */,
				498D45C92A83634C001598E5 /* ImageClassifierModel.mlmodel in Sources */,
				49E6A5D02A7857B300EB2E99 /* ContentView.swift in Sources */,
				49CEE79E2A83E3FF004ED534 /* UIImageExtension.swift in Sources */,
				49E6A5CE2A7857B300EB2E99 /* PlantPalApp.swift in Sources */,
				49CEE7A82A861BF9004ED534 /* ResultView.swift in Sources */,
				49CEE7A62A8563D4004ED534 /* ImageView.swift in Sources */,
				49CEE7A42A855991004ED534 /* LoadingView.swift in Sources */,
			);
			runOnlyForDeploymentPostprocessing = 0;
		};
/* End PBXSourcesBuildPhase section */

/* Begin XCBuildConfiguration section */
		49E6A5D62A7857B400EB2E99 /* Debug */ = {
			isa = XCBuildConfiguration;
			buildSettings = {
				ALWAYS_SEARCH_USER_PATHS = NO;
				ASSETCATALOG_COMPILER_GENERATE_SWIFT_ASSET_SYMBOL_EXTENSIONS = YES;
				CLANG_ANALYZER_NONNULL = YES;
				CLANG_ANALYZER_NUMBER_OBJECT_CONVERSION = YES_AGGRESSIVE;
				CLANG_CXX_LANGUAGE_STANDARD = "gnu++20";
				CLANG_ENABLE_MODULES = YES;
				CLANG_ENABLE_OBJC_ARC = YES;
				CLANG_ENABLE_OBJC_WEAK = YES;
				CLANG_WARN_BLOCK_CAPTURE_AUTORELEASING = YES;
				CLANG_WARN_BOOL_CONVERSION = YES;
				CLANG_WARN_COMMA = YES;
				CLANG_WARN_CONSTANT_CONVERSION = YES;
				CLANG_WARN_DEPRECATED_OBJC_IMPLEMENTATIONS = YES;
				CLANG_WARN_DIRECT_OBJC_ISA_USAGE = YES_ERROR;
				CLANG_WARN_DOCUMENTATION_COMMENTS = YES;
				CLANG_WARN_EMPTY_BODY = YES;
				CLANG_WARN_ENUM_CONVERSION = YES;
				CLANG_WARN_INFINITE_RECURSION = YES;
				CLANG_WARN_INT_CONVERSION = YES;
				CLANG_WARN_NON_LITERAL_NULL_CONVERSION = YES;
				CLANG_WARN_OBJC_IMPLICIT_RETAIN_SELF = YES;
				CLANG_WARN_OBJC_LITERAL_CONVERSION = YES;
				CLANG_WARN_OBJC_ROOT_CLASS = YES_ERROR;
				CLANG_WARN_QUOTED_INCLUDE_IN_FRAMEWORK_HEADER = YES;
				CLANG_WARN_RANGE_LOOP_ANALYSIS = YES;
				CLANG_WARN_STRICT_PROTOTYPES = YES;
				CLANG_WARN_SUSPICIOUS_MOVE = YES;
				CLANG_WARN_UNGUARDED_AVAILABILITY = YES_AGGRESSIVE;
				CLANG_WARN_UNREACHABLE_CODE = YES;
				CLANG_WARN__DUPLICATE_METHOD_MATCH = YES;
				COPY_PHASE_STRIP = NO;
				DEBUG_INFORMATION_FORMAT = dwarf;
				ENABLE_STRICT_OBJC_MSGSEND = YES;
				ENABLE_TESTABILITY = YES;
				ENABLE_USER_SCRIPT_SANDBOXING = YES;
				GCC_C_LANGUAGE_STANDARD = gnu17;
				GCC_DYNAMIC_NO_PIC = NO;
				GCC_NO_COMMON_BLOCKS = YES;
				GCC_OPTIMIZATION_LEVEL = 0;
				GCC_PREPROCESSOR_DEFINITIONS = (
					"DEBUG=1",
					"$(inherited)",
				);
				GCC_WARN_64_TO_32_BIT_CONVERSION = YES;
				GCC_WARN_ABOUT_RETURN_TYPE = YES_ERROR;
				GCC_WARN_UNDECLARED_SELECTOR = YES;
				GCC_WARN_UNINITIALIZED_AUTOS = YES_AGGRESSIVE;
				GCC_WARN_UNUSED_FUNCTION = YES;
				GCC_WARN_UNUSED_VARIABLE = YES;
				IPHONEOS_DEPLOYMENT_TARGET = 17.0;
				LOCALIZATION_PREFERS_STRING_CATALOGS = YES;
				MTL_ENABLE_DEBUG_INFO = INCLUDE_SOURCE;
				MTL_FAST_MATH = YES;
				ONLY_ACTIVE_ARCH = YES;
				SDKROOT = iphoneos;
				SWIFT_ACTIVE_COMPILATION_CONDITIONS = "DEBUG $(inherited)";
				SWIFT_OPTIMIZATION_LEVEL = "-Onone";
			};
			name = Debug;
		};
		49E6A5D72A7857B400EB2E99 /* Release */ = {
			isa = XCBuildConfiguration;
			buildSettings = {
				ALWAYS_SEARCH_USER_PATHS = NO;
				ASSETCATALOG_COMPILER_GENERATE_SWIFT_ASSET_SYMBOL_EXTENSIONS = YES;
				CLANG_ANALYZER_NONNULL = YES;
				CLANG_ANALYZER_NUMBER_OBJECT_CONVERSION = YES_AGGRESSIVE;
				CLANG_CXX_LANGUAGE_STANDARD = "gnu++20";
				CLANG_ENABLE_MODULES = YES;
				CLANG_ENABLE_OBJC_ARC = YES;
				CLANG_ENABLE_OBJC_WEAK = YES;
				CLANG_WARN_BLOCK_CAPTURE_AUTORELEASING = YES;
				CLANG_WARN_BOOL_CONVERSION = YES;
				CLANG_WARN_COMMA = YES;
				CLANG_WARN_CONSTANT_CONVERSION = YES;
				CLANG_WARN_DEPRECATED_OBJC_IMPLEMENTATIONS = YES;
				CLANG_WARN_DIRECT_OBJC_ISA_USAGE = YES_ERROR;
				CLANG_WARN_DOCUMENTATION_COMMENTS = YES;
				CLANG_WARN_EMPTY_BODY = YES;
				CLANG_WARN_ENUM_CONVERSION = YES;
				CLANG_WARN_INFINITE_RECURSION = YES;
				CLANG_WARN_INT_CONVERSION = YES;
				CLANG_WARN_NON_LITERAL_NULL_CONVERSION = YES;
				CLANG_WARN_OBJC_IMPLICIT_RETAIN_SELF = YES;
				CLANG_WARN_OBJC_LITERAL_CONVERSION = YES;
				CLANG_WARN_OBJC_ROOT_CLASS = YES_ERROR;
				CLANG_WARN_QUOTED_INCLUDE_IN_FRAMEWORK_HEADER = YES;
				CLANG_WARN_RANGE_LOOP_ANALYSIS = YES;
				CLANG_WARN_STRICT_PROTOTYPES = YES;
				CLANG_WARN_SUSPICIOUS_MOVE = YES;
				CLANG_WARN_UNGUARDED_AVAILABILITY = YES_AGGRESSIVE;
				CLANG_WARN_UNREACHABLE_CODE = YES;
				CLANG_WARN__DUPLICATE_METHOD_MATCH = YES;
				COPY_PHASE_STRIP = NO;
				DEBUG_INFORMATION_FORMAT = "dwarf-with-dsym";
				ENABLE_NS_ASSERTIONS = NO;
				ENABLE_STRICT_OBJC_MSGSEND = YES;
				ENABLE_USER_SCRIPT_SANDBOXING = YES;
				GCC_C_LANGUAGE_STANDARD = gnu17;
				GCC_NO_COMMON_BLOCKS = YES;
				GCC_WARN_64_TO_32_BIT_CONVERSION = YES;
				GCC_WARN_ABOUT_RETURN_TYPE = YES_ERROR;
				GCC_WARN_UNDECLARED_SELECTOR = YES;
				GCC_WARN_UNINITIALIZED_AUTOS = YES_AGGRESSIVE;
				GCC_WARN_UNUSED_FUNCTION = YES;
				GCC_WARN_UNUSED_VARIABLE = YES;
				IPHONEOS_DEPLOYMENT_TARGET = 17.0;
				LOCALIZATION_PREFERS_STRING_CATALOGS = YES;
				MTL_ENABLE_DEBUG_INFO = NO;
				MTL_FAST_MATH = YES;
				SDKROOT = iphoneos;
				SWIFT_COMPILATION_MODE = wholemodule;
				VALIDATE_PRODUCT = YES;
			};
			name = Release;
		};
		49E6A5D92A7857B400EB2E99 /* Debug */ = {
			isa = XCBuildConfiguration;
			buildSettings = {
				ASSETCATALOG_COMPILER_APPICON_NAME = AppIcon;
				ASSETCATALOG_COMPILER_GLOBAL_ACCENT_COLOR_NAME = AccentColor;
				CODE_SIGN_STYLE = Automatic;
				CURRENT_PROJECT_VERSION = 1;
				DEVELOPMENT_ASSET_PATHS = "\"PlantPal/Preview Content\"";
				DEVELOPMENT_TEAM = 84QMS2A8YA;
				ENABLE_PREVIEWS = YES;
				GENERATE_INFOPLIST_FILE = YES;
				INFOPLIST_KEY_UIApplicationSceneManifest_Generation = YES;
				INFOPLIST_KEY_UIApplicationSupportsIndirectInputEvents = YES;
				INFOPLIST_KEY_UILaunchScreen_Generation = YES;
				INFOPLIST_KEY_UISupportedInterfaceOrientations_iPad = "UIInterfaceOrientationPortrait UIInterfaceOrientationPortraitUpsideDown UIInterfaceOrientationLandscapeLeft UIInterfaceOrientationLandscapeRight";
				INFOPLIST_KEY_UISupportedInterfaceOrientations_iPhone = "UIInterfaceOrientationPortrait UIInterfaceOrientationLandscapeLeft UIInterfaceOrientationLandscapeRight";
				LD_RUNPATH_SEARCH_PATHS = (
					"$(inherited)",
					"@executable_path/Frameworks",
				);
				MARKETING_VERSION = 1.0;
				PRODUCT_BUNDLE_IDENTIFIER = me.kumar.yash.PlantPal;
				PRODUCT_NAME = "$(TARGET_NAME)";
				SWIFT_EMIT_LOC_STRINGS = YES;
				SWIFT_VERSION = 5.0;
				TARGETED_DEVICE_FAMILY = "1,2";
			};
			name = Debug;
		};
		49E6A5DA2A7857B400EB2E99 /* Release */ = {
			isa = XCBuildConfiguration;
			buildSettings = {
				ASSETCATALOG_COMPILER_APPICON_NAME = AppIcon;
				ASSETCATALOG_COMPILER_GLOBAL_ACCENT_COLOR_NAME = AccentColor;
				CODE_SIGN_STYLE = Automatic;
				CURRENT_PROJECT_VERSION = 1;
				DEVELOPMENT_ASSET_PATHS = "\"PlantPal/Preview Content\"";
				DEVELOPMENT_TEAM = 84QMS2A8YA;
				ENABLE_PREVIEWS = YES;
				GENERATE_INFOPLIST_FILE = YES;
				INFOPLIST_KEY_UIApplicationSceneManifest_Generation = YES;
				INFOPLIST_KEY_UIApplicationSupportsIndirectInputEvents = YES;
				INFOPLIST_KEY_UILaunchScreen_Generation = YES;
				INFOPLIST_KEY_UISupportedInterfaceOrientations_iPad = "UIInterfaceOrientationPortrait UIInterfaceOrientationPortraitUpsideDown UIInterfaceOrientationLandscapeLeft UIInterfaceOrientationLandscapeRight";
				INFOPLIST_KEY_UISupportedInterfaceOrientations_iPhone = "UIInterfaceOrientationPortrait UIInterfaceOrientationLandscapeLeft UIInterfaceOrientationLandscapeRight";
				LD_RUNPATH_SEARCH_PATHS = (
					"$(inherited)",
					"@executable_path/Frameworks",
				);
				MARKETING_VERSION = 1.0;
				PRODUCT_BUNDLE_IDENTIFIER = me.kumar.yash.PlantPal;
				PRODUCT_NAME = "$(TARGET_NAME)";
				SWIFT_EMIT_LOC_STRINGS = YES;
				SWIFT_VERSION = 5.0;
				TARGETED_DEVICE_FAMILY = "1,2";
			};
			name = Release;
		};
/* End XCBuildConfiguration section */

/* Begin XCConfigurationList section */
		49E6A5C52A7857B300EB2E99 /* Build configuration list for PBXProject "PlantPal" */ = {
			isa = XCConfigurationList;
			buildConfigurations = (
				49E6A5D62A7857B400EB2E99 /* Debug */,
				49E6A5D72A7857B400EB2E99 /* Release */,
			);
			defaultConfigurationIsVisible = 0;
			defaultConfigurationName = Release;
		};
		49E6A5D82A7857B400EB2E99 /* Build configuration list for PBXNativeTarget "PlantPal" */ = {
			isa = XCConfigurationList;
			buildConfigurations = (
				49E6A5D92A7857B400EB2E99 /* Debug */,
				49E6A5DA2A7857B400EB2E99 /* Release */,
			);
			defaultConfigurationIsVisible = 0;
			defaultConfigurationName = Release;
		};
/* End XCConfigurationList section */
	};
	rootObject = 49E6A5C22A7857B300EB2E99 /* Project object */;
}
